
Microsoft Visual Studio Solution File, Format Version 12.00
# Visual Studio Version 16
VisualStudioVersion = 16.0.31229.75
MinimumVisualStudioVersion = 10.0.40219.1
Project("{9A19103F-16F7-4668-BE54-9A1E7A4F7556}") = "Studentify.Api", "Studentify.Api\Studentify.Api.csproj", "{2B06DB83-5ED1-470E-86AC-E0F621CD04C5}"
EndProject
Project("{9A19103F-16F7-4668-BE54-9A1E7A4F7556}") = "Studentify.Models", "Studentify.Models\Studentify.Models.csproj", "{38A59E68-494E-4202-AD2B-0397B9ED794A}"
EndProject
Project("{9A19103F-16F7-4668-BE54-9A1E7A4F7556}") = "Studentify.Web", "Studentify.Web\Studentify.Web.csproj", "{FBECC1A2-12FD-40F8-963D-A1FF96A513C9}"
EndProject
Global
	GlobalSection(SolutionConfigurationPlatforms) = preSolution
		Debug|Any CPU = Debug|Any CPU
		Release|Any CPU = Release|Any CPU
	EndGlobalSection
	GlobalSection(ProjectConfigurationPlatforms) = postSolution
		{2B06DB83-5ED1-470E-86AC-E0F621CD04C5}.Debug|Any CPU.ActiveCfg = Debug|Any CPU
		{2B06DB83-5ED1-470E-86AC-E0F621CD04C5}.Debug|Any CPU.Build.0 = Debug|Any CPU
		{2B06DB83-5ED1-470E-86AC-E0F621CD04C5}.Release|Any CPU.ActiveCfg = Release|Any CPU
		{2B06DB83-5ED1-470E-86AC-E0F621CD04C5}.Release|Any CPU.Build.0 = Release|Any CPU
		{38A59E68-494E-4202-AD2B-0397B9ED794A}.Debug|Any CPU.ActiveCfg = Debug|Any CPU
		{38A59E68-494E-4202-AD2B-0397B9ED794A}.Debug|Any CPU.Build.0 = Debug|Any CPU
		{38A59E68-494E-4202-AD2B-0397B9ED794A}.Release|Any CPU.ActiveCfg = Release|Any CPU
		{38A59E68-494E-4202-AD2B-0397B9ED794A}.Release|Any CPU.Build.0 = Release|Any CPU
		{FBECC1A2-12FD-40F8-963D-A1FF96A513C9}.Debug|Any CPU.ActiveCfg = Debug|Any CPU
		{FBECC1A2-12FD-40F8-963D-A1FF96A513C9}.Debug|Any CPU.Build.0 = Debug|Any CPU
		{FBECC1A2-12FD-40F8-963D-A1FF96A513C9}.Release|Any CPU.ActiveCfg = Release|Any CPU
		{FBECC1A2-12FD-40F8-963D-A1FF96A513C9}.Release|Any CPU.Build.0 = Release|Any CPU
	EndGlobalSection
	GlobalSection(SolutionProperties) = preSolution
		HideSolutionNode = FALSE
	EndGlobalSection
	GlobalSection(ExtensibilityGlobals) = postSolution
		SolutionGuid = {DC303B14-6D08-4D6B-817D-25F8FBD93B15}
	EndGlobalSection
EndGlobal
